
Microsoft Visual Studio Solution File, Format Version 12.00
# Visual Studio Version 17
VisualStudioVersion = 17.8.34330.188
MinimumVisualStudioVersion = 10.0.40219.1
Project("{8BC9CEB8-8B4A-11D0-8D11-00A0C91BC942}") = "QuantBox_Queue", "QuantBox_Queue\QuantBox_Queue.vcxproj", "{3A9173AA-92DB-49F9-88E3-09419C1D8E9F}"
EndProject
Project("{8BC9CEB8-8B4A-11D0-8D11-00A0C91BC942}") = "QuantBox_TongShi_Quote", "QuantBox_TongShi_Quote\QuantBox_TongShi_Quote.vcxproj", "{372C0D5E-ED93-4335-849C-65494AE8A17D}"
EndProject
Project("{8BC9CEB8-8B4A-11D0-8D11-00A0C91BC942}") = "QuantBox_XAPI", "QuantBox_XAPI\QuantBox_XAPI.vcxproj", "{39599EFE-428F-408F-BF4F-BF462E37C5E8}"
EndProject
Global
	GlobalSection(SolutionConfigurationPlatforms) = preSolution
		Debug|x64 = Debug|x64
		Debug|x86 = Debug|x86
		Debug64|x64 = Debug64|x64
		Debug64|x86 = Debug64|x86
		Release|x64 = Release|x64
		Release|x86 = Release|x86
	EndGlobalSection
	GlobalSection(ProjectConfigurationPlatforms) = postSolution
		{3A9173AA-92DB-49F9-88E3-09419C1D8E9F}.Debug|x64.ActiveCfg = Debug|x64
		{3A9173AA-92DB-49F9-88E3-09419C1D8E9F}.Debug|x64.Build.0 = Debug|x64
		{3A9173AA-92DB-49F9-88E3-09419C1D8E9F}.Debug|x86.ActiveCfg = Debug|Win32
		{3A9173AA-92DB-49F9-88E3-09419C1D8E9F}.Debug|x86.Build.0 = Debug|Win32
		{3A9173AA-92DB-49F9-88E3-09419C1D8E9F}.Debug64|x64.ActiveCfg = Debug64|x64
		{3A9173AA-92DB-49F9-88E3-09419C1D8E9F}.Debug64|x64.Build.0 = Debug64|x64
		{3A9173AA-92DB-49F9-88E3-09419C1D8E9F}.Debug64|x86.ActiveCfg = Debug64|Win32
		{3A9173AA-92DB-49F9-88E3-09419C1D8E9F}.Debug64|x86.Build.0 = Debug64|Win32
		{3A9173AA-92DB-49F9-88E3-09419C1D8E9F}.Release|x64.ActiveCfg = Release|x64
		{3A9173AA-92DB-49F9-88E3-09419C1D8E9F}.Release|x64.Build.0 = Release|x64
		{3A9173AA-92DB-49F9-88E3-09419C1D8E9F}.Release|x86.ActiveCfg = Release|Win32
		{3A9173AA-92DB-49F9-88E3-09419C1D8E9F}.Release|x86.Build.0 = Release|Win32
		{372C0D5E-ED93-4335-849C-65494AE8A17D}.Debug|x64.ActiveCfg = Debug|Win32
		{372C0D5E-ED93-4335-849C-65494AE8A17D}.Debug|x64.Build.0 = Debug|Win32
		{372C0D5E-ED93-4335-849C-65494AE8A17D}.Debug|x86.ActiveCfg = Debug|Win32
		{372C0D5E-ED93-4335-849C-65494AE8A17D}.Debug|x86.Build.0 = Debug|Win32
		{372C0D5E-ED93-4335-849C-65494AE8A17D}.Debug64|x64.ActiveCfg = Debug|Win32
		{372C0D5E-ED93-4335-849C-65494AE8A17D}.Debug64|x64.Build.0 = Debug|Win32
		{372C0D5E-ED93-4335-849C-65494AE8A17D}.Debug64|x86.ActiveCfg = Debug|Win32
		{372C0D5E-ED93-4335-849C-65494AE8A17D}.Debug64|x86.Build.0 = Debug|Win32
		{372C0D5E-ED93-4335-849C-65494AE8A17D}.Release|x64.ActiveCfg = Release|Win32
		{372C0D5E-ED93-4335-849C-65494AE8A17D}.Release|x64.Build.0 = Release|Win32
		{372C0D5E-ED93-4335-849C-65494AE8A17D}.Release|x86.ActiveCfg = Release|Win32
		{372C0D5E-ED93-4335-849C-65494AE8A17D}.Release|x86.Build.0 = Release|Win32
		{39599EFE-428F-408F-BF4F-BF462E37C5E8}.Debug|x64.ActiveCfg = Debug|Win32
		{39599EFE-428F-408F-BF4F-BF462E37C5E8}.Debug|x64.Build.0 = Debug|Win32
		{39599EFE-428F-408F-BF4F-BF462E37C5E8}.Debug|x86.ActiveCfg = Debug|Win32
		{39599EFE-428F-408F-BF4F-BF462E37C5E8}.Debug|x86.Build.0 = Debug|Win32
		{39599EFE-428F-408F-BF4F-BF462E37C5E8}.Debug64|x64.ActiveCfg = Debug|Win32
		{39599EFE-428F-408F-BF4F-BF462E37C5E8}.Debug64|x64.Build.0 = Debug|Win32
		{39599EFE-428F-408F-BF4F-BF462E37C5E8}.Debug64|x86.ActiveCfg = Debug|Win32
		{39599EFE-428F-408F-BF4F-BF462E37C5E8}.Debug64|x86.Build.0 = Debug|Win32
		{39599EFE-428F-408F-BF4F-BF462E37C5E8}.Release|x64.ActiveCfg = Release|Win32
		{39599EFE-428F-408F-BF4F-BF462E37C5E8}.Release|x64.Build.0 = Release|Win32
		{39599EFE-428F-408F-BF4F-BF462E37C5E8}.Release|x86.ActiveCfg = Release|Win32
		{39599EFE-428F-408F-BF4F-BF462E37C5E8}.Release|x86.Build.0 = Release|Win32
	EndGlobalSection
	GlobalSection(SolutionProperties) = preSolution
		HideSolutionNode = FALSE
	EndGlobalSection
	GlobalSection(ExtensibilityGlobals) = postSolution
		SolutionGuid = {628F8307-4ACB-41A1-B89A-ECBEC0C63545}
	EndGlobalSection
EndGlobal
